
Microsoft Visual Studio Solution File, Format Version 12.00
# Visual Studio Version 17
VisualStudioVersion = 17.0.31912.275
MinimumVisualStudioVersion = 10.0.40219.1
Project("{2150E333-8FDC-42A3-9474-1A3956D46DE8}") = "src", "src", "{D514DDF5-EC08-4E9C-8808-8A23AD3C7F45}"
EndProject
Project("{2150E333-8FDC-42A3-9474-1A3956D46DE8}") = "Building Blocks", "Building Blocks", "{59241D17-CE1D-4F9D-B082-E03E2BE8513D}"
EndProject
Project("{2150E333-8FDC-42A3-9474-1A3956D46DE8}") = "Services", "Services", "{38C5F2D1-1D89-4C5F-A502-FA18C144F3FD}"
EndProject
Project("{2150E333-8FDC-42A3-9474-1A3956D46DE8}") = "Web", "Web", "{80F7551E-B300-4285-84B8-F9F9A420B9F0}"
EndProject
Project("{2150E333-8FDC-42A3-9474-1A3956D46DE8}") = "Identidade", "Identidade", "{54C5EE6D-28E2-42C5-8E62-DDF54C8D8D98}"
EndProject
Project("{9A19103F-16F7-4668-BE54-9A1E7A4F7556}") = "NSE.Identidade.API", "src\services\NSE.Identidade.API\NSE.Identidade.API.csproj", "{B784FAE5-D8AA-4A24-9BE1-5E2B2362CA2E}"
EndProject
Project("{2150E333-8FDC-42A3-9474-1A3956D46DE8}") = "MVC", "MVC", "{35F4E093-D8E6-4296-AB9F-B2FB76FFE9EC}"
EndProject
Project("{9A19103F-16F7-4668-BE54-9A1E7A4F7556}") = "NSE.WebApp.MVC", "src\web\NSE.WebApp.MVC\NSE.WebApp.MVC.csproj", "{DCF74FC7-6BA4-4C30-8009-9AEB4195495B}"
EndProject
Project("{2150E333-8FDC-42A3-9474-1A3956D46DE8}") = "Core", "Core", "{A740DE12-D2CE-4D6B-8AC3-0673B27B5722}"
EndProject
Project("{9A19103F-16F7-4668-BE54-9A1E7A4F7556}") = "NSE.Core", "src\building blocks\NSE.Core\NSE.Core.csproj", "{C111F434-D9DD-4DB1-87E3-C4563E02EA3C}"
EndProject
Project("{2150E333-8FDC-42A3-9474-1A3956D46DE8}") = "Catalogo", "Catalogo", "{E2599625-C6E2-4944-A1D5-FF553E38901A}"
EndProject
Project("{9A19103F-16F7-4668-BE54-9A1E7A4F7556}") = "NSE.Catalogo.API", "src\services\NSE.Catalogo.API\NSE.Catalogo.API.csproj", "{8CB62228-488C-4373-8D95-427B211C4AF8}"
EndProject
Project("{2150E333-8FDC-42A3-9474-1A3956D46DE8}") = "Carrinho", "Carrinho", "{48F310EF-FD90-47A0-9B2F-2427173A634A}"
EndProject
Project("{2150E333-8FDC-42A3-9474-1A3956D46DE8}") = "Pagamento", "Pagamento", "{B7DC8AC5-9A11-4891-8CAF-7EB5E727BA6A}"
EndProject
Project("{2150E333-8FDC-42A3-9474-1A3956D46DE8}") = "Pedido", "Pedido", "{0F091982-A43C-41A5-A039-E0870390495C}"
EndProject
Project("{2150E333-8FDC-42A3-9474-1A3956D46DE8}") = "Cliente", "Cliente", "{725FF033-2858-4F90-BF53-A302CEC1E4BD}"
EndProject
Project("{9A19103F-16F7-4668-BE54-9A1E7A4F7556}") = "NSE.Clientes.API", "src\services\NSE.Cliente.API\NSE.Clientes.API.csproj", "{F0921AC3-28B4-405E-AC25-9F8FDF6DA07D}"
EndProject
Project("{9A19103F-16F7-4668-BE54-9A1E7A4F7556}") = "NSE.Pagamento.API", "src\services\NSE.Pagamento.API\NSE.Pagamento.API.csproj", "{3645B671-52A7-48DE-9C84-8762229E12DB}"
EndProject
Project("{9A19103F-16F7-4668-BE54-9A1E7A4F7556}") = "NSE.Carrinho.API", "src\services\NSE.Carrinho.API\NSE.Carrinho.API.csproj", "{FAC28B2C-2E81-411E-A3FB-337457373498}"
EndProject
Project("{9A19103F-16F7-4668-BE54-9A1E7A4F7556}") = "NSE.Pedido.API", "src\services\NSE.Pedido.API\NSE.Pedido.API.csproj", "{AB052B4D-2202-49E5-BA19-B5F86F620B94}"
EndProject
Project("{2150E333-8FDC-42A3-9474-1A3956D46DE8}") = "Services", "Services", "{ACBC82E4-3863-4EFA-813B-0242F7C425AC}"
EndProject
Project("{9A19103F-16F7-4668-BE54-9A1E7A4F7556}") = "NSE.WebAPI.Core", "src\building blocks\NSE.WebAPI.Core\NSE.WebAPI.Core.csproj", "{43FF45B5-07AD-4569-87B8-89172F4AE321}"
EndProject
Global
	GlobalSection(SolutionConfigurationPlatforms) = preSolution
		Debug|Any CPU = Debug|Any CPU
		Release|Any CPU = Release|Any CPU
	EndGlobalSection
	GlobalSection(ProjectConfigurationPlatforms) = postSolution
		{B784FAE5-D8AA-4A24-9BE1-5E2B2362CA2E}.Debug|Any CPU.ActiveCfg = Debug|Any CPU
		{B784FAE5-D8AA-4A24-9BE1-5E2B2362CA2E}.Debug|Any CPU.Build.0 = Debug|Any CPU
		{B784FAE5-D8AA-4A24-9BE1-5E2B2362CA2E}.Release|Any CPU.ActiveCfg = Release|Any CPU
		{B784FAE5-D8AA-4A24-9BE1-5E2B2362CA2E}.Release|Any CPU.Build.0 = Release|Any CPU
		{DCF74FC7-6BA4-4C30-8009-9AEB4195495B}.Debug|Any CPU.ActiveCfg = Debug|Any CPU
		{DCF74FC7-6BA4-4C30-8009-9AEB4195495B}.Debug|Any CPU.Build.0 = Debug|Any CPU
		{DCF74FC7-6BA4-4C30-8009-9AEB4195495B}.Release|Any CPU.ActiveCfg = Release|Any CPU
		{DCF74FC7-6BA4-4C30-8009-9AEB4195495B}.Release|Any CPU.Build.0 = Release|Any CPU
		{C111F434-D9DD-4DB1-87E3-C4563E02EA3C}.Debug|Any CPU.ActiveCfg = Debug|Any CPU
		{C111F434-D9DD-4DB1-87E3-C4563E02EA3C}.Debug|Any CPU.Build.0 = Debug|Any CPU
		{C111F434-D9DD-4DB1-87E3-C4563E02EA3C}.Release|Any CPU.ActiveCfg = Release|Any CPU
		{C111F434-D9DD-4DB1-87E3-C4563E02EA3C}.Release|Any CPU.Build.0 = Release|Any CPU
		{8CB62228-488C-4373-8D95-427B211C4AF8}.Debug|Any CPU.ActiveCfg = Debug|Any CPU
		{8CB62228-488C-4373-8D95-427B211C4AF8}.Debug|Any CPU.Build.0 = Debug|Any CPU
		{8CB62228-488C-4373-8D95-427B211C4AF8}.Release|Any CPU.ActiveCfg = Release|Any CPU
		{8CB62228-488C-4373-8D95-427B211C4AF8}.Release|Any CPU.Build.0 = Release|Any CPU
		{F0921AC3-28B4-405E-AC25-9F8FDF6DA07D}.Debug|Any CPU.ActiveCfg = Debug|Any CPU
		{F0921AC3-28B4-405E-AC25-9F8FDF6DA07D}.Debug|Any CPU.Build.0 = Debug|Any CPU
		{F0921AC3-28B4-405E-AC25-9F8FDF6DA07D}.Release|Any CPU.ActiveCfg = Release|Any CPU
		{F0921AC3-28B4-405E-AC25-9F8FDF6DA07D}.Release|Any CPU.Build.0 = Release|Any CPU
		{3645B671-52A7-48DE-9C84-8762229E12DB}.Debug|Any CPU.ActiveCfg = Debug|Any CPU
		{3645B671-52A7-48DE-9C84-8762229E12DB}.Debug|Any CPU.Build.0 = Debug|Any CPU
		{3645B671-52A7-48DE-9C84-8762229E12DB}.Release|Any CPU.ActiveCfg = Release|Any CPU
		{3645B671-52A7-48DE-9C84-8762229E12DB}.Release|Any CPU.Build.0 = Release|Any CPU
		{FAC28B2C-2E81-411E-A3FB-337457373498}.Debug|Any CPU.ActiveCfg = Debug|Any CPU
		{FAC28B2C-2E81-411E-A3FB-337457373498}.Debug|Any CPU.Build.0 = Debug|Any CPU
		{FAC28B2C-2E81-411E-A3FB-337457373498}.Release|Any CPU.ActiveCfg = Release|Any CPU
		{FAC28B2C-2E81-411E-A3FB-337457373498}.Release|Any CPU.Build.0 = Release|Any CPU
		{AB052B4D-2202-49E5-BA19-B5F86F620B94}.Debug|Any CPU.ActiveCfg = Debug|Any CPU
		{AB052B4D-2202-49E5-BA19-B5F86F620B94}.Debug|Any CPU.Build.0 = Debug|Any CPU
		{AB052B4D-2202-49E5-BA19-B5F86F620B94}.Release|Any CPU.ActiveCfg = Release|Any CPU
		{AB052B4D-2202-49E5-BA19-B5F86F620B94}.Release|Any CPU.Build.0 = Release|Any CPU
		{43FF45B5-07AD-4569-87B8-89172F4AE321}.Debug|Any CPU.ActiveCfg = Debug|Any CPU
		{43FF45B5-07AD-4569-87B8-89172F4AE321}.Debug|Any CPU.Build.0 = Debug|Any CPU
		{43FF45B5-07AD-4569-87B8-89172F4AE321}.Release|Any CPU.ActiveCfg = Release|Any CPU
		{43FF45B5-07AD-4569-87B8-89172F4AE321}.Release|Any CPU.Build.0 = Release|Any CPU
	EndGlobalSection
	GlobalSection(SolutionProperties) = preSolution
		HideSolutionNode = FALSE
	EndGlobalSection
	GlobalSection(NestedProjects) = preSolution
		{59241D17-CE1D-4F9D-B082-E03E2BE8513D} = {D514DDF5-EC08-4E9C-8808-8A23AD3C7F45}
		{38C5F2D1-1D89-4C5F-A502-FA18C144F3FD} = {D514DDF5-EC08-4E9C-8808-8A23AD3C7F45}
		{80F7551E-B300-4285-84B8-F9F9A420B9F0} = {D514DDF5-EC08-4E9C-8808-8A23AD3C7F45}
		{54C5EE6D-28E2-42C5-8E62-DDF54C8D8D98} = {38C5F2D1-1D89-4C5F-A502-FA18C144F3FD}
		{B784FAE5-D8AA-4A24-9BE1-5E2B2362CA2E} = {54C5EE6D-28E2-42C5-8E62-DDF54C8D8D98}
		{35F4E093-D8E6-4296-AB9F-B2FB76FFE9EC} = {80F7551E-B300-4285-84B8-F9F9A420B9F0}
		{DCF74FC7-6BA4-4C30-8009-9AEB4195495B} = {35F4E093-D8E6-4296-AB9F-B2FB76FFE9EC}
		{A740DE12-D2CE-4D6B-8AC3-0673B27B5722} = {59241D17-CE1D-4F9D-B082-E03E2BE8513D}
		{C111F434-D9DD-4DB1-87E3-C4563E02EA3C} = {A740DE12-D2CE-4D6B-8AC3-0673B27B5722}
		{E2599625-C6E2-4944-A1D5-FF553E38901A} = {38C5F2D1-1D89-4C5F-A502-FA18C144F3FD}
		{8CB62228-488C-4373-8D95-427B211C4AF8} = {E2599625-C6E2-4944-A1D5-FF553E38901A}
		{48F310EF-FD90-47A0-9B2F-2427173A634A} = {38C5F2D1-1D89-4C5F-A502-FA18C144F3FD}
		{B7DC8AC5-9A11-4891-8CAF-7EB5E727BA6A} = {38C5F2D1-1D89-4C5F-A502-FA18C144F3FD}
		{0F091982-A43C-41A5-A039-E0870390495C} = {38C5F2D1-1D89-4C5F-A502-FA18C144F3FD}
		{725FF033-2858-4F90-BF53-A302CEC1E4BD} = {38C5F2D1-1D89-4C5F-A502-FA18C144F3FD}
		{F0921AC3-28B4-405E-AC25-9F8FDF6DA07D} = {725FF033-2858-4F90-BF53-A302CEC1E4BD}
		{3645B671-52A7-48DE-9C84-8762229E12DB} = {B7DC8AC5-9A11-4891-8CAF-7EB5E727BA6A}
		{FAC28B2C-2E81-411E-A3FB-337457373498} = {48F310EF-FD90-47A0-9B2F-2427173A634A}
		{AB052B4D-2202-49E5-BA19-B5F86F620B94} = {0F091982-A43C-41A5-A039-E0870390495C}
		{ACBC82E4-3863-4EFA-813B-0242F7C425AC} = {59241D17-CE1D-4F9D-B082-E03E2BE8513D}
		{43FF45B5-07AD-4569-87B8-89172F4AE321} = {ACBC82E4-3863-4EFA-813B-0242F7C425AC}
	EndGlobalSection
	GlobalSection(ExtensibilityGlobals) = postSolution
		SolutionGuid = {CAF894DC-A82F-4865-9944-890A3216DFE7}
	EndGlobalSection
EndGlobal
